github.com/lionsoul2014/ip2region v1.9.0-release h1:b4FxevWljlOb+Z3qtAMQIvel6az21p7OeZ0K1wn/3mI=
github.com/lionsoul2014/ip2region v2.2.0-release+incompatible h1:1qp9iks+69h7IGLazAplzS9Ca14HAxuD5c0rbFdPGy4=
github.com/lionsoul2014/ip2region v2.2.0-release+incompatible/go.mod h1:+ZBN7PBoh5gG6/y0ZQ85vJDBe21WnfbRrQQwTfliJJI=
github.com/thinkeridea/go-extend v1.3.2 h1:0ZImRXpJc+wBNIrNEMbTuKwIvJ6eFoeuNAewvzONrI0=
github.com/thinkeridea/go-extend v1.3.2/go.mod h1:xqN1e3y1PdVSij1VZp6iPKlO8I4jLbS8CUuTySj981g=
